# generated by rye
# use `rye lock` or `rye sync` to update this lockfile
#
# last locked with the following flags:
#   pre: false
#   features: []
#   all-features: false
#   with-sources: false
#   generate-hashes: false
#   universal: false

-e file:.
anyio==4.9.0
    # via httpx
    # via jupyter-server
argcomplete==3.6.2
    # via nox
argon2-cffi==25.1.0
    # via jupyter-server
argon2-cffi-bindings==21.2.0
    # via argon2-cffi
arrow==1.3.0
    # via isoduration
attrs==22.2.0
    # via jsonschema
    # via pytest-notebook
    # via referencing
babel==2.17.0
    # via mkdocs-material
backports-tarfile==1.2.0
    # via jaraco-context
backrefs==5.9
    # via mkdocs-material
beautifulsoup4==4.13.4
    # via nbconvert
bleach==6.2.0
    # via nbconvert
certifi==2025.7.14
    # via httpcore
    # via httpx
    # via requests
cffi==1.17.1
    # via argon2-cffi-bindings
cfgv==3.4.0
    # via pre-commit
charset-normalizer==3.4.2
    # via requests
click==8.2.1
    # via folder2md4llms
    # via hatch
    # via mkdocs
    # via rich-click
    # via rxiv-maker
    # via typer
    # via userpath
colorama==0.4.6
    # via griffe
    # via mkdocs-material
    # via nbdime
colorlog==6.9.0
    # via nox
contourpy==1.3.2
    # via matplotlib
coverage==7.9.2
    # via pytest-cov
crossref-commons==0.0.7
    # via rxiv-maker
cycler==0.12.1
    # via matplotlib
defusedxml==0.7.1
    # via nbconvert
distlib==0.4.0
    # via virtualenv
docutils==0.21.2
    # via readme-renderer
et-xmlfile==2.0.0
    # via openpyxl
execnet==2.1.1
    # via pytest-xdist
fastjsonschema==2.21.1
    # via nbformat
filelock==3.18.0
    # via virtualenv
folder2md4llms==0.4.28
    # via rxiv-maker
fonttools==4.59.0
    # via matplotlib
fqdn==1.5.1
    # via jsonschema
ghp-import==2.1.0
    # via mkdocs
gitdb==4.0.12
    # via gitpython
gitpython==3.1.44
    # via nbdime
griffe==1.7.3
    # via mkdocstrings-python
h11==0.16.0
    # via httpcore
hatch==1.14.1
hatchling==1.27.0
    # via hatch
httpcore==1.0.9
    # via httpx
httpx==0.28.1
    # via folder2md4llms
    # via hatch
hyperlink==21.0.0
    # via hatch
id==1.5.0
    # via twine
identify==2.6.12
    # via pre-commit
idna==3.10
    # via anyio
    # via httpx
    # via hyperlink
    # via jsonschema
    # via requests
importlib-metadata==8.7.0
    # via keyring
iniconfig==2.1.0
    # via pytest
isoduration==20.11.0
    # via jsonschema
jaraco-classes==3.4.0
    # via keyring
jaraco-context==6.0.1
    # via keyring
jaraco-functools==4.2.1
    # via keyring
jinja2==3.1.6
    # via jupyter-server
    # via mkdocs
    # via mkdocs-material
    # via mkdocstrings
    # via nbconvert
    # via nbdime
jsonpointer==3.0.0
    # via jsonschema
jsonschema==4.25.0
    # via jupyter-events
    # via nbformat
    # via pytest-notebook
jsonschema-specifications==2025.4.1
    # via jsonschema
jupyter-client==8.6.3
    # via jupyter-server
    # via nbclient
jupyter-core==5.8.1
    # via jupyter-client
    # via jupyter-server
    # via nbconvert
    # via nbformat
jupyter-events==0.12.0
    # via jupyter-server
jupyter-server==2.16.0
    # via jupyter-server-mathjax
    # via nbdime
jupyter-server-mathjax==0.2.6
    # via nbdime
jupyter-server-terminals==0.5.3
    # via jupyter-server
jupyterlab-pygments==0.3.0
    # via nbconvert
keyring==25.6.0
    # via hatch
    # via twine
kiwisolver==1.4.8
    # via matplotlib
lark==1.2.2
    # via rfc3987-syntax
lazydocs==0.4.8
    # via rxiv-maker
lxml==6.0.0
    # via python-docx
    # via python-pptx
markdown==3.8.2
    # via folder2md4llms
    # via mkdocs
    # via mkdocs-autorefs
    # via mkdocs-material
    # via mkdocstrings
    # via pymdown-extensions
markdown-it-py==3.0.0
    # via rich
markupsafe==3.0.2
    # via jinja2
    # via mkdocs
    # via mkdocs-autorefs
    # via mkdocstrings
    # via nbconvert
matplotlib==3.10.3
    # via rxiv-maker
    # via seaborn
mdurl==0.1.2
    # via markdown-it-py
mergedeep==1.3.4
    # via mkdocs
    # via mkdocs-get-deps
mistune==3.1.3
    # via nbconvert
mkdocs==1.6.1
    # via mkdocs-autorefs
    # via mkdocs-material
    # via mkdocstrings
mkdocs-autorefs==1.4.2
    # via mkdocstrings
    # via mkdocstrings-python
mkdocs-get-deps==0.2.0
    # via mkdocs
mkdocs-material==9.6.15
mkdocs-material-extensions==1.3.1
    # via mkdocs-material
mkdocstrings==0.29.1
    # via mkdocstrings-python
mkdocstrings-python==1.16.12
    # via mkdocstrings
more-itertools==10.7.0
    # via jaraco-classes
    # via jaraco-functools
mypy==1.17.0
mypy-extensions==1.1.0
    # via mypy
nbclient==0.5.13
    # via nbconvert
    # via pytest-notebook
nbconvert==7.16.6
    # via folder2md4llms
    # via jupyter-server
nbdime==4.0.2
    # via pytest-notebook
nbformat==5.10.4
    # via jupyter-server
    # via nbclient
    # via nbconvert
    # via nbdime
    # via nbstripout
    # via pytest-notebook
nbstripout==0.8.1
nest-asyncio==1.6.0
    # via nbclient
nh3==0.3.0
    # via readme-renderer
nodeenv==1.9.1
    # via pre-commit
nox==2024.10.9
numpy==2.3.1
    # via contourpy
    # via matplotlib
    # via pandas
    # via rxiv-maker
    # via scipy
    # via seaborn
openpyxl==3.1.5
    # via folder2md4llms
overrides==7.7.0
    # via jupyter-server
packaging==25.0
    # via hatch
    # via hatchling
    # via jupyter-events
    # via jupyter-server
    # via matplotlib
    # via mkdocs
    # via nbconvert
    # via nox
    # via pytest
    # via rxiv-maker
    # via twine
paginate==0.5.7
    # via mkdocs-material
pandas==2.3.1
    # via rxiv-maker
    # via seaborn
pandocfilters==1.5.1
    # via nbconvert
pathlib==1.0.1
    # via folder2md4llms
pathspec==0.12.1
    # via hatchling
    # via mkdocs
    # via mypy
pexpect==4.9.0
    # via hatch
pillow==11.3.0
    # via folder2md4llms
    # via matplotlib
    # via python-pptx
    # via rxiv-maker
platformdirs==4.3.8
    # via hatch
    # via jupyter-core
    # via mkdocs-get-deps
    # via virtualenv
pluggy==1.6.0
    # via hatchling
    # via pytest
    # via pytest-cov
pre-commit==4.2.0
    # via rxiv-maker
prometheus-client==0.22.1
    # via jupyter-server
psutil==7.0.0
    # via folder2md4llms
ptyprocess==0.7.0
    # via pexpect
    # via terminado
py==1.11.0
pycparser==2.22
    # via cffi
pygments==2.19.2
    # via folder2md4llms
    # via mkdocs-material
    # via nbconvert
    # via nbdime
    # via readme-renderer
    # via rich
pymdown-extensions==10.16
    # via mkdocs-material
    # via mkdocstrings
pyparsing==3.2.3
    # via matplotlib
pypdf==5.8.0
    # via folder2md4llms
    # via rxiv-maker
pyperclip==1.9.0
    # via folder2md4llms
pytest==7.4.4
    # via pytest-cov
    # via pytest-notebook
    # via pytest-xdist
    # via rxiv-maker
pytest-cov==6.2.1
pytest-notebook==0.10.0
pytest-xdist==3.8.0
python-dateutil==2.9.0.post0
    # via arrow
    # via ghp-import
    # via jupyter-client
    # via matplotlib
    # via pandas
python-docx==1.2.0
    # via folder2md4llms
python-dotenv==1.1.1
    # via rxiv-maker
python-json-logger==3.3.0
    # via jupyter-events
python-magic==0.4.27
    # via folder2md4llms
python-pptx==1.0.2
    # via folder2md4llms
pytz==2025.2
    # via pandas
pyyaml==6.0.2
    # via folder2md4llms
    # via jupyter-events
    # via mkdocs
    # via mkdocs-get-deps
    # via pre-commit
    # via pymdown-extensions
    # via pyyaml-env-tag
    # via rxiv-maker
pyyaml-env-tag==1.1
    # via mkdocs
pyzmq==27.0.0
    # via jupyter-client
    # via jupyter-server
ratelimit==2.2.1
    # via crossref-commons
readme-renderer==44.0
    # via twine
referencing==0.36.2
    # via jsonschema
    # via jsonschema-specifications
    # via jupyter-events
requests==2.32.4
    # via crossref-commons
    # via id
    # via mkdocs-material
    # via nbdime
    # via requests-toolbelt
    # via twine
requests-toolbelt==1.0.0
    # via twine
rfc3339-validator==0.1.4
    # via jsonschema
    # via jupyter-events
rfc3986==2.0.0
    # via twine
rfc3986-validator==0.1.1
    # via jsonschema
    # via jupyter-events
rfc3987-syntax==1.1.0
    # via jsonschema
rich==14.0.0
    # via folder2md4llms
    # via hatch
    # via rich-click
    # via rxiv-maker
    # via twine
    # via typer
rich-click==1.8.9
    # via rxiv-maker
rpds-py==0.26.0
    # via jsonschema
    # via referencing
ruff==0.12.4
    # via rxiv-maker
scipy==1.16.0
    # via rxiv-maker
seaborn==0.13.2
    # via rxiv-maker
send2trash==1.8.3
    # via jupyter-server
shellingham==1.5.4
    # via hatch
    # via typer
six==1.17.0
    # via python-dateutil
    # via rfc3339-validator
smmap==5.0.2
    # via gitdb
sniffio==1.3.1
    # via anyio
soupsieve==2.7
    # via beautifulsoup4
striprtf==0.0.29
    # via folder2md4llms
terminado==0.18.1
    # via jupyter-server
    # via jupyter-server-terminals
tinycss2==1.4.0
    # via bleach
tomli-w==1.2.0
    # via hatch
tomlkit==0.13.3
    # via hatch
tornado==6.5.1
    # via jupyter-client
    # via jupyter-server
    # via nbdime
    # via terminado
tqdm==4.67.1
    # via folder2md4llms
traitlets==5.14.3
    # via jupyter-client
    # via jupyter-core
    # via jupyter-events
    # via jupyter-server
    # via nbclient
    # via nbconvert
    # via nbformat
trove-classifiers==2025.5.9.12
    # via hatchling
twine==6.1.0
typer==0.16.0
    # via lazydocs
types-python-dateutil==2.9.0.20250708
    # via arrow
types-pyyaml==6.0.12.20250516
types-requests==2.32.4.20250611
    # via rxiv-maker
typing-extensions==4.14.1
    # via anyio
    # via beautifulsoup4
    # via mypy
    # via python-docx
    # via python-pptx
    # via referencing
    # via rich-click
    # via rxiv-maker
    # via typer
tzdata==2025.2
    # via pandas
uri-template==1.3.0
    # via jsonschema
urllib3==2.5.0
    # via requests
    # via twine
    # via types-requests
userpath==1.9.2
    # via hatch
uv==0.8.0
    # via hatch
virtualenv==20.31.2
    # via hatch
    # via nox
    # via pre-commit
watchdog==6.0.0
    # via mkdocs
webcolors==24.11.1
    # via jsonschema
webencodings==0.5.1
    # via bleach
    # via tinycss2
websocket-client==1.8.0
    # via jupyter-server
xlsxwriter==3.2.5
    # via python-pptx
zipp==3.23.0
    # via importlib-metadata
zstandard==0.23.0
    # via hatch
